
Microsoft Visual Studio Solution File, Format Version 12.00
# Visual Studio Version 17
VisualStudioVersion = 17.11.35222.181
MinimumVisualStudioVersion = 10.0.40219.1
Project("{FAE04EC0-301F-11D3-BF4B-00C04F79EFBC}") = "BlogMVC", "BlogMVC\BlogMVC.csproj", "{B0D0BFCD-4356-4FBD-88E3-E974407BBFCF}"
EndProject
Global
	GlobalSection(SolutionConfigurationPlatforms) = preSolution
		Debug|Any CPU = Debug|Any CPU
		Release|Any CPU = Release|Any CPU
	EndGlobalSection
	GlobalSection(ProjectConfigurationPlatforms) = postSolution
		{B0D0BFCD-4356-4FBD-88E3-E974407BBFCF}.Debug|Any CPU.ActiveCfg = Debug|Any CPU
		{B0D0BFCD-4356-4FBD-88E3-E974407BBFCF}.Debug|Any CPU.Build.0 = Debug|Any CPU
		{B0D0BFCD-4356-4FBD-88E3-E974407BBFCF}.Release|Any CPU.ActiveCfg = Release|Any CPU
		{B0D0BFCD-4356-4FBD-88E3-E974407BBFCF}.Release|Any CPU.Build.0 = Release|Any CPU
	EndGlobalSection
	GlobalSection(SolutionProperties) = preSolution
		HideSolutionNode = FALSE
	EndGlobalSection
	GlobalSection(ExtensibilityGlobals) = postSolution
		SolutionGuid = {9940CCB7-2132-4B81-9AB2-E3B8E7C18B7B}
	EndGlobalSection
EndGlobal
